// !$*UTF8*$!
{
	archiveVersion = 1;
	classes = {
	};
	objectVersion = 46;
	objects = {

/* Begin PBXBuildFile section */
		BB120ADE1C9C9ADB0072387E /* AppDelegate.swift in Sources */ = {isa = PBXBuildFile; fileRef = BB120ADD1C9C9ADB0072387E /* AppDelegate.swift */; };
		BB120AE31C9C9ADB0072387E /* Main.storyboard in Resources */ = {isa = PBXBuildFile; fileRef = BB120AE11C9C9ADB0072387E /* Main.storyboard */; };
		BB120AE51C9C9ADB0072387E /* Assets.xcassets in Resources */ = {isa = PBXBuildFile; fileRef = BB120AE41C9C9ADB0072387E /* Assets.xcassets */; };
		BB120AE81C9C9ADB0072387E /* LaunchScreen.storyboard in Resources */ = {isa = PBXBuildFile; fileRef = BB120AE61C9C9ADB0072387E /* LaunchScreen.storyboard */; };
		BB120AF01C9CA95A0072387E /* ListViewController.swift in Sources */ = {isa = PBXBuildFile; fileRef = BB120AEF1C9CA95A0072387E /* ListViewController.swift */; };
		BB120AF21C9CC8880072387E /* LoginViewController.swift in Sources */ = {isa = PBXBuildFile; fileRef = BB120AF11C9CC8880072387E /* LoginViewController.swift */; };
		BB120AF41C9CDE940072387E /* ClassesViewController.swift in Sources */ = {isa = PBXBuildFile; fileRef = BB120AF31C9CDE940072387E /* ClassesViewController.swift */; };
		BB76F26C1C9D6E0100B2966B /* DevViewController.swift in Sources */ = {isa = PBXBuildFile; fileRef = BB76F26B1C9D6E0100B2966B /* DevViewController.swift */; };
/* End PBXBuildFile section */

/* Begin PBXFileReference section */
		BB120ADA1C9C9ADB0072387E /* ClassList.app */ = {isa = PBXFileReference; explicitFileType = wrapper.application; includeInIndex = 0; path = ClassList.app; sourceTree = BUILT_PRODUCTS_DIR; };
		BB120ADD1C9C9ADB0072387E /* AppDelegate.swift */ = {isa = PBXFileReference; lastKnownFileType = sourcecode.swift; path = AppDelegate.swift; sourceTree = "<group>"; };
		BB120AE21C9C9ADB0072387E /* Base */ = {isa = PBXFileReference; lastKnownFileType = file.storyboard; name = Base; path = Base.lproj/Main.storyboard; sourceTree = "<group>"; };
		BB120AE41C9C9ADB0072387E /* Assets.xcassets */ = {isa = PBXFileReference; lastKnownFileType = folder.assetcatalog; path = Assets.xcassets; sourceTree = "<group>"; };
		BB120AE71C9C9ADB0072387E /* Base */ = {isa = PBXFileReference; lastKnownFileType = file.storyboard; name = Base; path = Base.lproj/LaunchScreen.storyboard; sourceTree = "<group>"; };
		BB120AE91C9C9ADB0072387E /* Info.plist */ = {isa = PBXFileReference; lastKnownFileType = text.plist.xml; path = Info.plist; sourceTree = "<group>"; };
		BB120AEF1C9CA95A0072387E /* ListViewController.swift */ = {isa = PBXFileReference; fileEncoding = 4; lastKnownFileType = sourcecode.swift; path = ListViewController.swift; sourceTree = "<group>"; };
		BB120AF11C9CC8880072387E /* LoginViewController.swift */ = {isa = PBXFileReference; fileEncoding = 4; lastKnownFileType = sourcecode.swift; path = LoginViewController.swift; sourceTree = "<group>"; };
		BB120AF31C9CDE940072387E /* ClassesViewController.swift */ = {isa = PBXFileReference; fileEncoding = 4; lastKnownFileType = sourcecode.swift; path = ClassesViewController.swift; sourceTree = "<group>"; };
		BB76F26B1C9D6E0100B2966B /* DevViewController.swift */ = {isa = PBXFileReference; fileEncoding = 4; lastKnownFileType = sourcecode.swift; path = DevViewController.swift; sourceTree = "<group>"; };
/* End PBXFileReference section */

/* Begin PBXFrameworksBuildPhase section */
		BB120AD71C9C9ADB0072387E /* Frameworks */ = {
			isa = PBXFrameworksBuildPhase;
			buildActionMask = 2147483647;
			files = (
			);
			runOnlyForDeploymentPostprocessing = 0;
		};
/* End PBXFrameworksBuildPhase section */

/* Begin PBXGroup section */
		BB120AD11C9C9ADB0072387E = {
			isa = PBXGroup;
			children = (
				BB120ADC1C9C9ADB0072387E /* ClassList */,
				BB120ADB1C9C9ADB0072387E /* Products */,
			);
			sourceTree = "<group>";
		};
		BB120ADB1C9C9ADB0072387E /* Products */ = {
			isa = PBXGroup;
			children = (
				BB120ADA1C9C9ADB0072387E /* ClassList.app */,
			);
			name = Products;
			sourceTree = "<group>";
		};
		BB120ADC1C9C9ADB0072387E /* ClassList */ = {
			isa = PBXGroup;
			children = (
				BB120ADD1C9C9ADB0072387E /* AppDelegate.swift */,
				BB120AF11C9CC8880072387E /* LoginViewController.swift */,
				BB120AF31C9CDE940072387E /* ClassesViewController.swift */,
				BB120AEF1C9CA95A0072387E /* ListViewController.swift */,
				BB76F26B1C9D6E0100B2966B /* DevViewController.swift */,
				BB120AE11C9C9ADB0072387E /* Main.storyboard */,
				BB120AE41C9C9ADB0072387E /* Assets.xcassets */,
				BB120AE61C9C9ADB0072387E /* LaunchScreen.storyboard */,
				BB120AE91C9C9ADB0072387E /* Info.plist */,
			);
			path = ClassList;
			sourceTree = "<group>";
		};
/* End PBXGroup section */

/* Begin PBXNativeTarget section */
		BB120AD91C9C9ADB0072387E /* ClassList */ = {
			isa = PBXNativeTarget;
			buildConfigurationList = BB120AEC1C9C9ADB0072387E /* Build configuration list for PBXNativeTarget "ClassList" */;
			buildPhases = (
				BB120AD61C9C9ADB0072387E /* Sources */,
				BB120AD71C9C9ADB0072387E /* Frameworks */,
				BB120AD81C9C9ADB0072387E /* Resources */,
			);
			buildRules = (
			);
			dependencies = (
			);
			name = ClassList;
			productName = ClassList;
			productReference = BB120ADA1C9C9ADB0072387E /* ClassList.app */;
			productType = "com.apple.product-type.application";
		};
/* End PBXNativeTarget section */

/* Begin PBXProject section */
		BB120AD21C9C9ADB0072387E /* Project object */ = {
			isa = PBXProject;
			attributes = {
				LastSwiftUpdateCheck = 0720;
				LastUpgradeCheck = 0720;
				ORGANIZATIONNAME = "Za Duzo Tomkow";
				TargetAttributes = {
					BB120AD91C9C9ADB0072387E = {
						CreatedOnToolsVersion = 7.2.1;
					};
				};
			};
			buildConfigurationList = BB120AD51C9C9ADB0072387E /* Build configuration list for PBXProject "ClassList" */;
			compatibilityVersion = "Xcode 3.2";
			developmentRegion = English;
			hasScannedForEncodings = 0;
			knownRegions = (
				en,
				Base,
			);
			mainGroup = BB120AD11C9C9ADB0072387E;
			productRefGroup = BB120ADB1C9C9ADB0072387E /* Products */;
			projectDirPath = "";
			projectRoot = "";
			targets = (
				BB120AD91C9C9ADB0072387E /* ClassList */,
			);
		};
/* End PBXProject section */

/* Begin PBXResourcesBuildPhase section */
		BB120AD81C9C9ADB0072387E /* Resources */ = {
			isa = PBXResourcesBuildPhase;
			buildActionMask = 2147483647;
			files = (
				BB120AE81C9C9ADB0072387E /* LaunchScreen.storyboard in Resources */,
				BB120AE51C9C9ADB0072387E /* Assets.xcassets in Resources */,
				BB120AE31C9C9ADB0072387E /* Main.storyboard in Resources */,
			);
			runOnlyForDeploymentPostprocessing = 0;
		};
/* End PBXResourcesBuildPhase section */

/* Begin PBXSourcesBuildPhase section */
		BB120AD61C9C9ADB0072387E /* Sources */ = {
			isa = PBXSourcesBuildPhase;
			buildActionMask = 2147483647;
			files = (
				BB120AF21C9CC8880072387E /* LoginViewController.swift in Sources */,
				BB120AF41C9CDE940072387E /* ClassesViewController.swift in Sources */,
				BB76F26C1C9D6E0100B2966B /* DevViewController.swift in Sources */,
				BB120ADE1C9C9ADB0072387E /* AppDelegate.swift in Sources */,
				BB120AF01C9CA95A0072387E /* ListViewController.swift in Sources */,
			);
			runOnlyForDeploymentPostprocessing = 0;
		};
/* End PBXSourcesBuildPhase section */

/* Begin PBXVariantGroup section */
		BB120AE11C9C9ADB0072387E /* Main.storyboard */ = {
			isa = PBXVariantGroup;
			children = (
				BB120AE21C9C9ADB0072387E /* Base */,
			);
			name = Main.storyboard;
			sourceTree = "<group>";
		};
		BB120AE61C9C9ADB0072387E /* LaunchScreen.storyboard */ = {
			isa = PBXVariantGroup;
			children = (
				BB120AE71C9C9ADB0072387E /* Base */,
			);
			name = LaunchScreen.storyboard;
			sourceTree = "<group>";
		};
/* End PBXVariantGroup section */

/* Begin XCBuildConfiguration section */
		BB120AEA1C9C9ADB0072387E /* Debug */ = {
			isa = XCBuildConfiguration;
			buildSettings = {
				ALWAYS_SEARCH_USER_PATHS = NO;
				CLANG_CXX_LANGUAGE_STANDARD = "gnu++0x";
				CLANG_CXX_LIBRARY = "libc++";
				CLANG_ENABLE_MODULES = YES;
				CLANG_ENABLE_OBJC_ARC = YES;
				CLANG_WARN_BOOL_CONVERSION = YES;
				CLANG_WARN_CONSTANT_CONVERSION = YES;
				CLANG_WARN_DIRECT_OBJC_ISA_USAGE = YES_ERROR;
				CLANG_WARN_EMPTY_BODY = YES;
				CLANG_WARN_ENUM_CONVERSION = YES;
				CLANG_WARN_INT_CONVERSION = YES;
				CLANG_WARN_OBJC_ROOT_CLASS = YES_ERROR;
				CLANG_WARN_UNREACHABLE_CODE = YES;
				CLANG_WARN__DUPLICATE_METHOD_MATCH = YES;
				"CODE_SIGN_IDENTITY[sdk=iphoneos*]" = "iPhone Developer";
				COPY_PHASE_STRIP = NO;
				DEBUG_INFORMATION_FORMAT = dwarf;
				ENABLE_STRICT_OBJC_MSGSEND = YES;
				ENABLE_TESTABILITY = YES;
				GCC_C_LANGUAGE_STANDARD = gnu99;
				GCC_DYNAMIC_NO_PIC = NO;
				GCC_NO_COMMON_BLOCKS = YES;
				GCC_OPTIMIZATION_LEVEL = 0;
				GCC_PREPROCESSOR_DEFINITIONS = (
					"DEBUG=1",
					"$(inherited)",
				);
				GCC_WARN_64_TO_32_BIT_CONVERSION = YES;
				GCC_WARN_ABOUT_RETURN_TYPE = YES_ERROR;
				GCC_WARN_UNDECLARED_SELECTOR = YES;
				GCC_WARN_UNINITIALIZED_AUTOS = YES_AGGRESSIVE;
				GCC_WARN_UNUSED_FUNCTION = YES;
				GCC_WARN_UNUSED_VARIABLE = YES;
				IPHONEOS_DEPLOYMENT_TARGET = 9.2;
				MTL_ENABLE_DEBUG_INFO = YES;
				ONLY_ACTIVE_ARCH = YES;
				SDKROOT = iphoneos;
				SWIFT_OPTIMIZATION_LEVEL = "-Onone";
			};
			name = Debug;
		};
		BB120AEB1C9C9ADB0072387E /* Release */ = {
			isa = XCBuildConfiguration;
			buildSettings = {
				ALWAYS_SEARCH_USER_PATHS = NO;
				CLANG_CXX_LANGUAGE_STANDARD = "gnu++0x";
				CLANG_CXX_LIBRARY = "libc++";
				CLANG_ENABLE_MODULES = YES;
				CLANG_ENABLE_OBJC_ARC = YES;
				CLANG_WARN_BOOL_CONVERSION = YES;
				CLANG_WARN_CONSTANT_CONVERSION = YES;
				CLANG_WARN_DIRECT_OBJC_ISA_USAGE = YES_ERROR;
				CLANG_WARN_EMPTY_BODY = YES;
				CLANG_WARN_ENUM_CONVERSION = YES;
				CLANG_WARN_INT_CONVERSION = YES;
				CLANG_WARN_OBJC_ROOT_CLASS = YES_ERROR;
				CLANG_WARN_UNREACHABLE_CODE = YES;
				CLANG_WARN__DUPLICATE_METHOD_MATCH = YES;
				"CODE_SIGN_IDENTITY[sdk=iphoneos*]" = "iPhone Developer";
				COPY_PHASE_STRIP = NO;
				DEBUG_INFORMATION_FORMAT = "dwarf-with-dsym";
				ENABLE_NS_ASSERTIONS = NO;
				ENABLE_STRICT_OBJC_MSGSEND = YES;
				GCC_C_LANGUAGE_STANDARD = gnu99;
				GCC_NO_COMMON_BLOCKS = YES;
				GCC_WARN_64_TO_32_BIT_CONVERSION = YES;
				GCC_WARN_ABOUT_RETURN_TYPE = YES_ERROR;
				GCC_WARN_UNDECLARED_SELECTOR = YES;
				GCC_WARN_UNINITIALIZED_AUTOS = YES_AGGRESSIVE;
				GCC_WARN_UNUSED_FUNCTION = YES;
				GCC_WARN_UNUSED_VARIABLE = YES;
				IPHONEOS_DEPLOYMENT_TARGET = 9.2;
				MTL_ENABLE_DEBUG_INFO = NO;
				SDKROOT = iphoneos;
				VALIDATE_PRODUCT = YES;
			};
			name = Release;
		};
		BB120AED1C9C9ADB0072387E /* Debug */ = {
			isa = XCBuildConfiguration;
			buildSettings = {
				ASSETCATALOG_COMPILER_APPICON_NAME = AppIcon;
				INFOPLIST_FILE = ClassList/Info.plist;
				IPHONEOS_DEPLOYMENT_TARGET = 9.0;
				LD_RUNPATH_SEARCH_PATHS = "$(inherited) @executable_path/Frameworks";
				PRODUCT_BUNDLE_IDENTIFIER = com.zaduzotomkow.ClassList;
				PRODUCT_NAME = "$(TARGET_NAME)";
			};
			name = Debug;
		};
		BB120AEE1C9C9ADB0072387E /* Release */ = {
			isa = XCBuildConfiguration;
			buildSettings = {
				ASSETCATALOG_COMPILER_APPICON_NAME = AppIcon;
				INFOPLIST_FILE = ClassList/Info.plist;
				IPHONEOS_DEPLOYMENT_TARGET = 9.0;
				LD_RUNPATH_SEARCH_PATHS = "$(inherited) @executable_path/Frameworks";
				PRODUCT_BUNDLE_IDENTIFIER = com.zaduzotomkow.ClassList;
				PRODUCT_NAME = "$(TARGET_NAME)";
			};
			name = Release;
		};
/* End XCBuildConfiguration section */

/* Begin XCConfigurationList section */
		BB120AD51C9C9ADB0072387E /* Build configuration list for PBXProject "ClassList" */ = {
			isa = XCConfigurationList;
			buildConfigurations = (
				BB120AEA1C9C9ADB0072387E /* Debug */,
				BB120AEB1C9C9ADB0072387E /* Release */,
			);
			defaultConfigurationIsVisible = 0;
			defaultConfigurationName = Release;
		};
		BB120AEC1C9C9ADB0072387E /* Build configuration list for PBXNativeTarget "ClassList" */ = {
			isa = XCConfigurationList;
			buildConfigurations = (
				BB120AED1C9C9ADB0072387E /* Debug */,
				BB120AEE1C9C9ADB0072387E /* Release */,
			);
			defaultConfigurationIsVisible = 0;
			defaultConfigurationName = Release;
		};
/* End XCConfigurationList section */
	};
	rootObject = BB120AD21C9C9ADB0072387E /* Project object */;
}
